
Microsoft Visual Studio Solution File, Format Version 12.00
# Visual Studio Version 16
VisualStudioVersion = 16.0.30517.126
MinimumVisualStudioVersion = 10.0.40219.1
Project("{FAE04EC0-301F-11D3-BF4B-00C04F79EFBC}") = "Tickets", "Tickets\Tickets.csproj", "{78490176-7E4E-488D-9FAC-BB9724603219}"
EndProject
Global
	GlobalSection(SolutionConfigurationPlatforms) = preSolution
		Debug|Any CPU = Debug|Any CPU
		Release|Any CPU = Release|Any CPU
	EndGlobalSection
	GlobalSection(ProjectConfigurationPlatforms) = postSolution
		{78490176-7E4E-488D-9FAC-BB9724603219}.Debug|Any CPU.ActiveCfg = Debug|Any CPU
		{78490176-7E4E-488D-9FAC-BB9724603219}.Debug|Any CPU.Build.0 = Debug|Any CPU
		{78490176-7E4E-488D-9FAC-BB9724603219}.Release|Any CPU.ActiveCfg = Release|Any CPU
		{78490176-7E4E-488D-9FAC-BB9724603219}.Release|Any CPU.Build.0 = Release|Any CPU
	EndGlobalSection
	GlobalSection(SolutionProperties) = preSolution
		HideSolutionNode = FALSE
	EndGlobalSection
	GlobalSection(ExtensibilityGlobals) = postSolution
		SolutionGuid = {9415172C-EF20-453C-84B8-6FBAA68C0DBA}
	EndGlobalSection
EndGlobal
